// !$*UTF8*$!
{
	archiveVersion = 1;
	classes = {
	};
	objectVersion = 56;
	objects = {

/* Begin PBXBuildFile section */
		014959282CE228D70081EF4A /* AppDelegate.swift in Sources */ = {isa = PBXBuildFile; fileRef = 014959272CE228D70081EF4A /* AppDelegate.swift */; };
		0149592A2CE228D70081EF4A /* SceneDelegate.swift in Sources */ = {isa = PBXBuildFile; fileRef = 014959292CE228D70081EF4A /* SceneDelegate.swift */; };
		0149592C2CE228D70081EF4A /* EmojiMixerVC.swift in Sources */ = {isa = PBXBuildFile; fileRef = 0149592B2CE228D70081EF4A /* EmojiMixerVC.swift */; };
		014959322CE228D70081EF4A /* EmojiMixer.xcdatamodeld in Sources */ = {isa = PBXBuildFile; fileRef = 014959302CE228D70081EF4A /* EmojiMixer.xcdatamodeld */; };
		014959342CE228D90081EF4A /* Assets.xcassets in Resources */ = {isa = PBXBuildFile; fileRef = 014959332CE228D90081EF4A /* Assets.xcassets */; };
		014959372CE228D90081EF4A /* Base in Resources */ = {isa = PBXBuildFile; fileRef = 014959362CE228D90081EF4A /* Base */; };
		0149593F2CE2371A0081EF4A /* EmojiCellCollectionViewCell.swift in Sources */ = {isa = PBXBuildFile; fileRef = 0149593E2CE2371A0081EF4A /* EmojiCellCollectionViewCell.swift */; };
		014959412CE25E5A0081EF4A /* GeometricParams.swift in Sources */ = {isa = PBXBuildFile; fileRef = 014959402CE25E5A0081EF4A /* GeometricParams.swift */; };
		014959462CE376240081EF4A /* EmojiMixerDelegateProtocol.swift in Sources */ = {isa = PBXBuildFile; fileRef = 014959452CE376240081EF4A /* EmojiMixerDelegateProtocol.swift */; };
		014959482CE3766D0081EF4A /* EmojiManagerDelegate.swift in Sources */ = {isa = PBXBuildFile; fileRef = 014959472CE3766D0081EF4A /* EmojiManagerDelegate.swift */; };
/* End PBXBuildFile section */

/* Begin PBXFileReference section */
		014959242CE228D70081EF4A /* EmojiMixer.app */ = {isa = PBXFileReference; explicitFileType = wrapper.application; includeInIndex = 0; path = EmojiMixer.app; sourceTree = BUILT_PRODUCTS_DIR; };
		014959272CE228D70081EF4A /* AppDelegate.swift */ = {isa = PBXFileReference; lastKnownFileType = sourcecode.swift; path = AppDelegate.swift; sourceTree = "<group>"; };
		014959292CE228D70081EF4A /* SceneDelegate.swift */ = {isa = PBXFileReference; lastKnownFileType = sourcecode.swift; path = SceneDelegate.swift; sourceTree = "<group>"; };
		0149592B2CE228D70081EF4A /* EmojiMixerVC.swift */ = {isa = PBXFileReference; lastKnownFileType = sourcecode.swift; path = EmojiMixerVC.swift; sourceTree = "<group>"; };
		014959312CE228D70081EF4A /* EmojiMixer.xcdatamodel */ = {isa = PBXFileReference; lastKnownFileType = wrapper.xcdatamodel; path = EmojiMixer.xcdatamodel; sourceTree = "<group>"; };
		014959332CE228D90081EF4A /* Assets.xcassets */ = {isa = PBXFileReference; lastKnownFileType = folder.assetcatalog; path = Assets.xcassets; sourceTree = "<group>"; };
		014959362CE228D90081EF4A /* Base */ = {isa = PBXFileReference; lastKnownFileType = file.storyboard; name = Base; path = Base.lproj/LaunchScreen.storyboard; sourceTree = "<group>"; };
		014959382CE228D90081EF4A /* Info.plist */ = {isa = PBXFileReference; lastKnownFileType = text.plist.xml; path = Info.plist; sourceTree = "<group>"; };
		0149593E2CE2371A0081EF4A /* EmojiCellCollectionViewCell.swift */ = {isa = PBXFileReference; lastKnownFileType = sourcecode.swift; path = EmojiCellCollectionViewCell.swift; sourceTree = "<group>"; };
		014959402CE25E5A0081EF4A /* GeometricParams.swift */ = {isa = PBXFileReference; lastKnownFileType = sourcecode.swift; path = GeometricParams.swift; sourceTree = "<group>"; };
		014959452CE376240081EF4A /* EmojiMixerDelegateProtocol.swift */ = {isa = PBXFileReference; lastKnownFileType = sourcecode.swift; path = EmojiMixerDelegateProtocol.swift; sourceTree = "<group>"; };
		014959472CE3766D0081EF4A /* EmojiManagerDelegate.swift */ = {isa = PBXFileReference; lastKnownFileType = sourcecode.swift; path = EmojiManagerDelegate.swift; sourceTree = "<group>"; };
/* End PBXFileReference section */

/* Begin PBXFrameworksBuildPhase section */
		014959212CE228D70081EF4A /* Frameworks */ = {
			isa = PBXFrameworksBuildPhase;
			buildActionMask = 2147483647;
			files = (
			);
			runOnlyForDeploymentPostprocessing = 0;
		};
/* End PBXFrameworksBuildPhase section */

/* Begin PBXGroup section */
		0149591B2CE228D70081EF4A = {
			isa = PBXGroup;
			children = (
				014959262CE228D70081EF4A /* EmojiMixer */,
				014959252CE228D70081EF4A /* Products */,
			);
			sourceTree = "<group>";
		};
		014959252CE228D70081EF4A /* Products */ = {
			isa = PBXGroup;
			children = (
				014959242CE228D70081EF4A /* EmojiMixer.app */,
			);
			name = Products;
			sourceTree = "<group>";
		};
		014959262CE228D70081EF4A /* EmojiMixer */ = {
			isa = PBXGroup;
			children = (
				014959272CE228D70081EF4A /* AppDelegate.swift */,
				014959292CE228D70081EF4A /* SceneDelegate.swift */,
				014959422CE375BA0081EF4A /* Helpers */,
				0149592B2CE228D70081EF4A /* EmojiMixerVC.swift */,
				0149593E2CE2371A0081EF4A /* EmojiCellCollectionViewCell.swift */,
				014959442CE375ED0081EF4A /* Delegate */,
				014959432CE375DC0081EF4A /* CoreData */,
				014959332CE228D90081EF4A /* Assets.xcassets */,
				014959352CE228D90081EF4A /* LaunchScreen.storyboard */,
				014959382CE228D90081EF4A /* Info.plist */,
			);
			path = EmojiMixer;
			sourceTree = "<group>";
		};
		014959422CE375BA0081EF4A /* Helpers */ = {
			isa = PBXGroup;
			children = (
				014959402CE25E5A0081EF4A /* GeometricParams.swift */,
			);
			path = Helpers;
			sourceTree = "<group>";
		};
		014959432CE375DC0081EF4A /* CoreData */ = {
			isa = PBXGroup;
			children = (
				014959302CE228D70081EF4A /* EmojiMixer.xcdatamodeld */,
			);
			path = CoreData;
			sourceTree = "<group>";
		};
		014959442CE375ED0081EF4A /* Delegate */ = {
			isa = PBXGroup;
			children = (
				014959452CE376240081EF4A /* EmojiMixerDelegateProtocol.swift */,
				014959472CE3766D0081EF4A /* EmojiManagerDelegate.swift */,
			);
			path = Delegate;
			sourceTree = "<group>";
		};
/* End PBXGroup section */

/* Begin PBXNativeTarget section */
		014959232CE228D70081EF4A /* EmojiMixer */ = {
			isa = PBXNativeTarget;
			buildConfigurationList = 0149593B2CE228D90081EF4A /* Build configuration list for PBXNativeTarget "EmojiMixer" */;
			buildPhases = (
				014959202CE228D70081EF4A /* Sources */,
				014959212CE228D70081EF4A /* Frameworks */,
				014959222CE228D70081EF4A /* Resources */,
			);
			buildRules = (
			);
			dependencies = (
			);
			name = EmojiMixer;
			productName = EmojiMixer;
			productReference = 014959242CE228D70081EF4A /* EmojiMixer.app */;
			productType = "com.apple.product-type.application";
		};
/* End PBXNativeTarget section */

/* Begin PBXProject section */
		0149591C2CE228D70081EF4A /* Project object */ = {
			isa = PBXProject;
			attributes = {
				BuildIndependentTargetsInParallel = 1;
				LastSwiftUpdateCheck = 1540;
				LastUpgradeCheck = 1540;
				TargetAttributes = {
					014959232CE228D70081EF4A = {
						CreatedOnToolsVersion = 15.4;
					};
				};
			};
			buildConfigurationList = 0149591F2CE228D70081EF4A /* Build configuration list for PBXProject "EmojiMixer" */;
			compatibilityVersion = "Xcode 14.0";
			developmentRegion = en;
			hasScannedForEncodings = 0;
			knownRegions = (
				en,
				Base,
			);
			mainGroup = 0149591B2CE228D70081EF4A;
			productRefGroup = 014959252CE228D70081EF4A /* Products */;
			projectDirPath = "";
			projectRoot = "";
			targets = (
				014959232CE228D70081EF4A /* EmojiMixer */,
			);
		};
/* End PBXProject section */

/* Begin PBXResourcesBuildPhase section */
		014959222CE228D70081EF4A /* Resources */ = {
			isa = PBXResourcesBuildPhase;
			buildActionMask = 2147483647;
			files = (
				014959342CE228D90081EF4A /* Assets.xcassets in Resources */,
				014959372CE228D90081EF4A /* Base in Resources */,
			);
			runOnlyForDeploymentPostprocessing = 0;
		};
/* End PBXResourcesBuildPhase section */

/* Begin PBXSourcesBuildPhase section */
		014959202CE228D70081EF4A /* Sources */ = {
			isa = PBXSourcesBuildPhase;
			buildActionMask = 2147483647;
			files = (
				014959322CE228D70081EF4A /* EmojiMixer.xcdatamodeld in Sources */,
				014959462CE376240081EF4A /* EmojiMixerDelegateProtocol.swift in Sources */,
				0149592C2CE228D70081EF4A /* EmojiMixerVC.swift in Sources */,
				014959282CE228D70081EF4A /* AppDelegate.swift in Sources */,
				014959412CE25E5A0081EF4A /* GeometricParams.swift in Sources */,
				0149592A2CE228D70081EF4A /* SceneDelegate.swift in Sources */,
				0149593F2CE2371A0081EF4A /* EmojiCellCollectionViewCell.swift in Sources */,
				014959482CE3766D0081EF4A /* EmojiManagerDelegate.swift in Sources */,
			);
			runOnlyForDeploymentPostprocessing = 0;
		};
/* End PBXSourcesBuildPhase section */

/* Begin PBXVariantGroup section */
		014959352CE228D90081EF4A /* LaunchScreen.storyboard */ = {
			isa = PBXVariantGroup;
			children = (
				014959362CE228D90081EF4A /* Base */,
			);
			name = LaunchScreen.storyboard;
			sourceTree = "<group>";
		};
/* End PBXVariantGroup section */

/* Begin XCBuildConfiguration section */
		014959392CE228D90081EF4A /* Debug */ = {
			isa = XCBuildConfiguration;
			buildSettings = {
				ALWAYS_SEARCH_USER_PATHS = NO;
				ASSETCATALOG_COMPILER_GENERATE_SWIFT_ASSET_SYMBOL_EXTENSIONS = YES;
				CLANG_ANALYZER_NONNULL = YES;
				CLANG_ANALYZER_NUMBER_OBJECT_CONVERSION = YES_AGGRESSIVE;
				CLANG_CXX_LANGUAGE_STANDARD = "gnu++20";
				CLANG_ENABLE_MODULES = YES;
				CLANG_ENABLE_OBJC_ARC = YES;
				CLANG_ENABLE_OBJC_WEAK = YES;
				CLANG_WARN_BLOCK_CAPTURE_AUTORELEASING = YES;
				CLANG_WARN_BOOL_CONVERSION = YES;
				CLANG_WARN_COMMA = YES;
				CLANG_WARN_CONSTANT_CONVERSION = YES;
				CLANG_WARN_DEPRECATED_OBJC_IMPLEMENTATIONS = YES;
				CLANG_WARN_DIRECT_OBJC_ISA_USAGE = YES_ERROR;
				CLANG_WARN_DOCUMENTATION_COMMENTS = YES;
				CLANG_WARN_EMPTY_BODY = YES;
				CLANG_WARN_ENUM_CONVERSION = YES;
				CLANG_WARN_INFINITE_RECURSION = YES;
				CLANG_WARN_INT_CONVERSION = YES;
				CLANG_WARN_NON_LITERAL_NULL_CONVERSION = YES;
				CLANG_WARN_OBJC_IMPLICIT_RETAIN_SELF = YES;
				CLANG_WARN_OBJC_LITERAL_CONVERSION = YES;
				CLANG_WARN_OBJC_ROOT_CLASS = YES_ERROR;
				CLANG_WARN_QUOTED_INCLUDE_IN_FRAMEWORK_HEADER = YES;
				CLANG_WARN_RANGE_LOOP_ANALYSIS = YES;
				CLANG_WARN_STRICT_PROTOTYPES = YES;
				CLANG_WARN_SUSPICIOUS_MOVE = YES;
				CLANG_WARN_UNGUARDED_AVAILABILITY = YES_AGGRESSIVE;
				CLANG_WARN_UNREACHABLE_CODE = YES;
				CLANG_WARN__DUPLICATE_METHOD_MATCH = YES;
				COPY_PHASE_STRIP = NO;
				DEBUG_INFORMATION_FORMAT = dwarf;
				ENABLE_STRICT_OBJC_MSGSEND = YES;
				ENABLE_TESTABILITY = YES;
				ENABLE_USER_SCRIPT_SANDBOXING = YES;
				GCC_C_LANGUAGE_STANDARD = gnu17;
				GCC_DYNAMIC_NO_PIC = NO;
				GCC_NO_COMMON_BLOCKS = YES;
				GCC_OPTIMIZATION_LEVEL = 0;
				GCC_PREPROCESSOR_DEFINITIONS = (
					"DEBUG=1",
					"$(inherited)",
				);
				GCC_WARN_64_TO_32_BIT_CONVERSION = YES;
				GCC_WARN_ABOUT_RETURN_TYPE = YES_ERROR;
				GCC_WARN_UNDECLARED_SELECTOR = YES;
				GCC_WARN_UNINITIALIZED_AUTOS = YES_AGGRESSIVE;
				GCC_WARN_UNUSED_FUNCTION = YES;
				GCC_WARN_UNUSED_VARIABLE = YES;
				IPHONEOS_DEPLOYMENT_TARGET = 17.5;
				LOCALIZATION_PREFERS_STRING_CATALOGS = YES;
				MTL_ENABLE_DEBUG_INFO = INCLUDE_SOURCE;
				MTL_FAST_MATH = YES;
				ONLY_ACTIVE_ARCH = YES;
				SDKROOT = iphoneos;
				SWIFT_ACTIVE_COMPILATION_CONDITIONS = "DEBUG $(inherited)";
				SWIFT_OPTIMIZATION_LEVEL = "-Onone";
			};
			name = Debug;
		};
		0149593A2CE228D90081EF4A /* Release */ = {
			isa = XCBuildConfiguration;
			buildSettings = {
				ALWAYS_SEARCH_USER_PATHS = NO;
				ASSETCATALOG_COMPILER_GENERATE_SWIFT_ASSET_SYMBOL_EXTENSIONS = YES;
				CLANG_ANALYZER_NONNULL = YES;
				CLANG_ANALYZER_NUMBER_OBJECT_CONVERSION = YES_AGGRESSIVE;
				CLANG_CXX_LANGUAGE_STANDARD = "gnu++20";
				CLANG_ENABLE_MODULES = YES;
				CLANG_ENABLE_OBJC_ARC = YES;
				CLANG_ENABLE_OBJC_WEAK = YES;
				CLANG_WARN_BLOCK_CAPTURE_AUTORELEASING = YES;
				CLANG_WARN_BOOL_CONVERSION = YES;
				CLANG_WARN_COMMA = YES;
				CLANG_WARN_CONSTANT_CONVERSION = YES;
				CLANG_WARN_DEPRECATED_OBJC_IMPLEMENTATIONS = YES;
				CLANG_WARN_DIRECT_OBJC_ISA_USAGE = YES_ERROR;
				CLANG_WARN_DOCUMENTATION_COMMENTS = YES;
				CLANG_WARN_EMPTY_BODY = YES;
				CLANG_WARN_ENUM_CONVERSION = YES;
				CLANG_WARN_INFINITE_RECURSION = YES;
				CLANG_WARN_INT_CONVERSION = YES;
				CLANG_WARN_NON_LITERAL_NULL_CONVERSION = YES;
				CLANG_WARN_OBJC_IMPLICIT_RETAIN_SELF = YES;
				CLANG_WARN_OBJC_LITERAL_CONVERSION = YES;
				CLANG_WARN_OBJC_ROOT_CLASS = YES_ERROR;
				CLANG_WARN_QUOTED_INCLUDE_IN_FRAMEWORK_HEADER = YES;
				CLANG_WARN_RANGE_LOOP_ANALYSIS = YES;
				CLANG_WARN_STRICT_PROTOTYPES = YES;
				CLANG_WARN_SUSPICIOUS_MOVE = YES;
				CLANG_WARN_UNGUARDED_AVAILABILITY = YES_AGGRESSIVE;
				CLANG_WARN_UNREACHABLE_CODE = YES;
				CLANG_WARN__DUPLICATE_METHOD_MATCH = YES;
				COPY_PHASE_STRIP = NO;
				DEBUG_INFORMATION_FORMAT = "dwarf-with-dsym";
				ENABLE_NS_ASSERTIONS = NO;
				ENABLE_STRICT_OBJC_MSGSEND = YES;
				ENABLE_USER_SCRIPT_SANDBOXING = YES;
				GCC_C_LANGUAGE_STANDARD = gnu17;
				GCC_NO_COMMON_BLOCKS = YES;
				GCC_WARN_64_TO_32_BIT_CONVERSION = YES;
				GCC_WARN_ABOUT_RETURN_TYPE = YES_ERROR;
				GCC_WARN_UNDECLARED_SELECTOR = YES;
				GCC_WARN_UNINITIALIZED_AUTOS = YES_AGGRESSIVE;
				GCC_WARN_UNUSED_FUNCTION = YES;
				GCC_WARN_UNUSED_VARIABLE = YES;
				IPHONEOS_DEPLOYMENT_TARGET = 17.5;
				LOCALIZATION_PREFERS_STRING_CATALOGS = YES;
				MTL_ENABLE_DEBUG_INFO = NO;
				MTL_FAST_MATH = YES;
				SDKROOT = iphoneos;
				SWIFT_COMPILATION_MODE = wholemodule;
				VALIDATE_PRODUCT = YES;
			};
			name = Release;
		};
		0149593C2CE228D90081EF4A /* Debug */ = {
			isa = XCBuildConfiguration;
			buildSettings = {
				ASSETCATALOG_COMPILER_APPICON_NAME = AppIcon;
				ASSETCATALOG_COMPILER_GLOBAL_ACCENT_COLOR_NAME = AccentColor;
				CODE_SIGN_STYLE = Automatic;
				CURRENT_PROJECT_VERSION = 1;
				DEVELOPMENT_TEAM = 7KDZ7J3JZC;
				GENERATE_INFOPLIST_FILE = YES;
				INFOPLIST_FILE = EmojiMixer/Info.plist;
				INFOPLIST_KEY_UIApplicationSupportsIndirectInputEvents = YES;
				INFOPLIST_KEY_UILaunchStoryboardName = LaunchScreen;
				INFOPLIST_KEY_UISupportedInterfaceOrientations_iPad = "UIInterfaceOrientationPortrait UIInterfaceOrientationPortraitUpsideDown UIInterfaceOrientationLandscapeLeft UIInterfaceOrientationLandscapeRight";
				INFOPLIST_KEY_UISupportedInterfaceOrientations_iPhone = "UIInterfaceOrientationPortrait UIInterfaceOrientationLandscapeLeft UIInterfaceOrientationLandscapeRight";
				LD_RUNPATH_SEARCH_PATHS = (
					"$(inherited)",
					"@executable_path/Frameworks",
				);
				MARKETING_VERSION = 1.0;
				PRODUCT_BUNDLE_IDENTIFIER = ru.goldensnake.EmojiMixer;
				PRODUCT_NAME = "$(TARGET_NAME)";
				SUPPORTED_PLATFORMS = "iphoneos iphonesimulator";
				SUPPORTS_MACCATALYST = NO;
				SUPPORTS_MAC_DESIGNED_FOR_IPHONE_IPAD = NO;
				SUPPORTS_XR_DESIGNED_FOR_IPHONE_IPAD = NO;
				SWIFT_EMIT_LOC_STRINGS = YES;
				SWIFT_VERSION = 5.0;
				TARGETED_DEVICE_FAMILY = 1;
			};
			name = Debug;
		};
		0149593D2CE228D90081EF4A /* Release */ = {
			isa = XCBuildConfiguration;
			buildSettings = {
				ASSETCATALOG_COMPILER_APPICON_NAME = AppIcon;
				ASSETCATALOG_COMPILER_GLOBAL_ACCENT_COLOR_NAME = AccentColor;
				CODE_SIGN_STYLE = Automatic;
				CURRENT_PROJECT_VERSION = 1;
				DEVELOPMENT_TEAM = 7KDZ7J3JZC;
				GENERATE_INFOPLIST_FILE = YES;
				INFOPLIST_FILE = EmojiMixer/Info.plist;
				INFOPLIST_KEY_UIApplicationSupportsIndirectInputEvents = YES;
				INFOPLIST_KEY_UILaunchStoryboardName = LaunchScreen;
				INFOPLIST_KEY_UISupportedInterfaceOrientations_iPad = "UIInterfaceOrientationPortrait UIInterfaceOrientationPortraitUpsideDown UIInterfaceOrientationLandscapeLeft UIInterfaceOrientationLandscapeRight";
				INFOPLIST_KEY_UISupportedInterfaceOrientations_iPhone = "UIInterfaceOrientationPortrait UIInterfaceOrientationLandscapeLeft UIInterfaceOrientationLandscapeRight";
				LD_RUNPATH_SEARCH_PATHS = (
					"$(inherited)",
					"@executable_path/Frameworks",
				);
				MARKETING_VERSION = 1.0;
				PRODUCT_BUNDLE_IDENTIFIER = ru.goldensnake.EmojiMixer;
				PRODUCT_NAME = "$(TARGET_NAME)";
				SUPPORTED_PLATFORMS = "iphoneos iphonesimulator";
				SUPPORTS_MACCATALYST = NO;
				SUPPORTS_MAC_DESIGNED_FOR_IPHONE_IPAD = NO;
				SUPPORTS_XR_DESIGNED_FOR_IPHONE_IPAD = NO;
				SWIFT_EMIT_LOC_STRINGS = YES;
				SWIFT_VERSION = 5.0;
				TARGETED_DEVICE_FAMILY = 1;
			};
			name = Release;
		};
/* End XCBuildConfiguration section */

/* Begin XCConfigurationList section */
		0149591F2CE228D70081EF4A /* Build configuration list for PBXProject "EmojiMixer" */ = {
			isa = XCConfigurationList;
			buildConfigurations = (
				014959392CE228D90081EF4A /* Debug */,
				0149593A2CE228D90081EF4A /* Release */,
			);
			defaultConfigurationIsVisible = 0;
			defaultConfigurationName = Release;
		};
		0149593B2CE228D90081EF4A /* Build configuration list for PBXNativeTarget "EmojiMixer" */ = {
			isa = XCConfigurationList;
			buildConfigurations = (
				0149593C2CE228D90081EF4A /* Debug */,
				0149593D2CE228D90081EF4A /* Release */,
			);
			defaultConfigurationIsVisible = 0;
			defaultConfigurationName = Release;
		};
/* End XCConfigurationList section */

/* Begin XCVersionGroup section */
		014959302CE228D70081EF4A /* EmojiMixer.xcdatamodeld */ = {
			isa = XCVersionGroup;
			children = (
				014959312CE228D70081EF4A /* EmojiMixer.xcdatamodel */,
			);
			currentVersion = 014959312CE228D70081EF4A /* EmojiMixer.xcdatamodel */;
			path = EmojiMixer.xcdatamodeld;
			sourceTree = "<group>";
			versionGroupType = wrapper.xcdatamodel;
		};
/* End XCVersionGroup section */
	};
	rootObject = 0149591C2CE228D70081EF4A /* Project object */;
}
